// !$*UTF8*$!
{
	archiveVersion = 1;
	classes = {
	};
	objectVersion = 46;
	objects = {

/* Begin PBXBuildFile section */
		3AC5273D16FA82B0009AA27F /* UIKit.framework in Frameworks */ = {isa = PBXBuildFile; fileRef = 3AC5273C16FA82B0009AA27F /* UIKit.framework */; };
		3AC5273F16FA82B0009AA27F /* Foundation.framework in Frameworks */ = {isa = PBXBuildFile; fileRef = 3AC5273E16FA82B0009AA27F /* Foundation.framework */; };
		3AC5274116FA82B0009AA27F /* CoreGraphics.framework in Frameworks */ = {isa = PBXBuildFile; fileRef = 3AC5274016FA82B0009AA27F /* CoreGraphics.framework */; };
		3AC5274716FA82B0009AA27F /* InfoPlist.strings in Resources */ = {isa = PBXBuildFile; fileRef = 3AC5274516FA82B0009AA27F /* InfoPlist.strings */; };
		3AC5274916FA82B0009AA27F /* main.m in Sources */ = {isa = PBXBuildFile; fileRef = 3AC5274816FA82B0009AA27F /* main.m */; };
		3AC5274D16FA82B0009AA27F /* AppDelegate.m in Sources */ = {isa = PBXBuildFile; fileRef = 3AC5274C16FA82B0009AA27F /* AppDelegate.m */; };
		3AC5274F16FA82B0009AA27F /* Default.png in Resources */ = {isa = PBXBuildFile; fileRef = 3AC5274E16FA82B0009AA27F /* Default.png */; };
		3AC5275116FA82B0009AA27F /* Default@2x.png in Resources */ = {isa = PBXBuildFile; fileRef = 3AC5275016FA82B0009AA27F /* Default@2x.png */; };
		3AC5275316FA82B0009AA27F /* Default-568h@2x.png in Resources */ = {isa = PBXBuildFile; fileRef = 3AC5275216FA82B0009AA27F /* Default-568h@2x.png */; };
		3AC5275E16FA8316009AA27F /* DemoViewController.m in Sources */ = {isa = PBXBuildFile; fileRef = 3AC5275C16FA8316009AA27F /* DemoViewController.m */; };
		3AC5275F16FA8316009AA27F /* DemoViewController.xib in Resources */ = {isa = PBXBuildFile; fileRef = 3AC5275D16FA8316009AA27F /* DemoViewController.xib */; };
		3AC5276616FA8383009AA27F /* ZKDropdown.m in Sources */ = {isa = PBXBuildFile; fileRef = 3AC5276516FA8383009AA27F /* ZKDropdown.m */; };
/* End PBXBuildFile section */

/* Begin PBXFileReference section */
		3AC5273816FA82B0009AA27F /* ZKDropDown.app */ = {isa = PBXFileReference; explicitFileType = wrapper.application; includeInIndex = 0; path = ZKDropDown.app; sourceTree = BUILT_PRODUCTS_DIR; };
		3AC5273C16FA82B0009AA27F /* UIKit.framework */ = {isa = PBXFileReference; lastKnownFileType = wrapper.framework; name = UIKit.framework; path = System/Library/Frameworks/UIKit.framework; sourceTree = SDKROOT; };
		3AC5273E16FA82B0009AA27F /* Foundation.framework */ = {isa = PBXFileReference; lastKnownFileType = wrapper.framework; name = Foundation.framework; path = System/Library/Frameworks/Foundation.framework; sourceTree = SDKROOT; };
		3AC5274016FA82B0009AA27F /* CoreGraphics.framework */ = {isa = PBXFileReference; lastKnownFileType = wrapper.framework; name = CoreGraphics.framework; path = System/Library/Frameworks/CoreGraphics.framework; sourceTree = SDKROOT; };
		3AC5274416FA82B0009AA27F /* ZKDropDown-Info.plist */ = {isa = PBXFileReference; lastKnownFileType = text.plist.xml; path = "ZKDropDown-Info.plist"; sourceTree = "<group>"; };
		3AC5274616FA82B0009AA27F /* en */ = {isa = PBXFileReference; lastKnownFileType = text.plist.strings; name = en; path = en.lproj/InfoPlist.strings; sourceTree = "<group>"; };
		3AC5274816FA82B0009AA27F /* main.m */ = {isa = PBXFileReference; lastKnownFileType = sourcecode.c.objc; path = main.m; sourceTree = "<group>"; };
		3AC5274A16FA82B0009AA27F /* ZKDropDown-Prefix.pch */ = {isa = PBXFileReference; lastKnownFileType = sourcecode.c.h; path = "ZKDropDown-Prefix.pch"; sourceTree = "<group>"; };
		3AC5274B16FA82B0009AA27F /* AppDelegate.h */ = {isa = PBXFileReference; lastKnownFileType = sourcecode.c.h; path = AppDelegate.h; sourceTree = "<group>"; };
		3AC5274C16FA82B0009AA27F /* AppDelegate.m */ = {isa = PBXFileReference; lastKnownFileType = sourcecode.c.objc; path = AppDelegate.m; sourceTree = "<group>"; };
		3AC5274E16FA82B0009AA27F /* Default.png */ = {isa = PBXFileReference; lastKnownFileType = image.png; path = Default.png; sourceTree = "<group>"; };
		3AC5275016FA82B0009AA27F /* Default@2x.png */ = {isa = PBXFileReference; lastKnownFileType = image.png; path = "Default@2x.png"; sourceTree = "<group>"; };
		3AC5275216FA82B0009AA27F /* Default-568h@2x.png */ = {isa = PBXFileReference; lastKnownFileType = image.png; path = "Default-568h@2x.png"; sourceTree = "<group>"; };
		3AC5275B16FA8316009AA27F /* DemoViewController.h */ = {isa = PBXFileReference; fileEncoding = 4; lastKnownFileType = sourcecode.c.h; name = DemoViewController.h; path = Demo/DemoViewController.h; sourceTree = "<group>"; };
		3AC5275C16FA8316009AA27F /* DemoViewController.m */ = {isa = PBXFileReference; fileEncoding = 4; lastKnownFileType = sourcecode.c.objc; name = DemoViewController.m; path = Demo/DemoViewController.m; sourceTree = "<group>"; };
		3AC5275D16FA8316009AA27F /* DemoViewController.xib */ = {isa = PBXFileReference; fileEncoding = 4; lastKnownFileType = file.xib; name = DemoViewController.xib; path = Demo/DemoViewController.xib; sourceTree = "<group>"; };
		3AC5276416FA8383009AA27F /* ZKDropdown.h */ = {isa = PBXFileReference; fileEncoding = 4; lastKnownFileType = sourcecode.c.h; name = ZKDropdown.h; path = ZKDropdownButton/ZKDropdown.h; sourceTree = "<group>"; };
		3AC5276516FA8383009AA27F /* ZKDropdown.m */ = {isa = PBXFileReference; fileEncoding = 4; lastKnownFileType = sourcecode.c.objc; name = ZKDropdown.m; path = ZKDropdownButton/ZKDropdown.m; sourceTree = "<group>"; };
/* End PBXFileReference section */

/* Begin PBXFrameworksBuildPhase section */
		3AC5273516FA82B0009AA27F /* Frameworks */ = {
			isa = PBXFrameworksBuildPhase;
			buildActionMask = 2147483647;
			files = (
				3AC5273D16FA82B0009AA27F /* UIKit.framework in Frameworks */,
				3AC5273F16FA82B0009AA27F /* Foundation.framework in Frameworks */,
				3AC5274116FA82B0009AA27F /* CoreGraphics.framework in Frameworks */,
			);
			runOnlyForDeploymentPostprocessing = 0;
		};
/* End PBXFrameworksBuildPhase section */

/* Begin PBXGroup section */
		3AC5272D16FA82B0009AA27F = {
			isa = PBXGroup;
			children = (
				3AC5274216FA82B0009AA27F /* ZKDropDown */,
				3AC5273B16FA82B0009AA27F /* Frameworks */,
				3AC5273916FA82B0009AA27F /* Products */,
			);
			sourceTree = "<group>";
		};
		3AC5273916FA82B0009AA27F /* Products */ = {
			isa = PBXGroup;
			children = (
				3AC5273816FA82B0009AA27F /* ZKDropDown.app */,
			);
			name = Products;
			sourceTree = "<group>";
		};
		3AC5273B16FA82B0009AA27F /* Frameworks */ = {
			isa = PBXGroup;
			children = (
				3AC5273C16FA82B0009AA27F /* UIKit.framework */,
				3AC5273E16FA82B0009AA27F /* Foundation.framework */,
				3AC5274016FA82B0009AA27F /* CoreGraphics.framework */,
			);
			name = Frameworks;
			sourceTree = "<group>";
		};
		3AC5274216FA82B0009AA27F /* ZKDropDown */ = {
			isa = PBXGroup;
			children = (
				3AC5275A16FA82CF009AA27F /* DemoController */,
				3AC5275916FA82C4009AA27F /* ZKClasses */,
				3AC5274B16FA82B0009AA27F /* AppDelegate.h */,
				3AC5274C16FA82B0009AA27F /* AppDelegate.m */,
				3AC5274316FA82B0009AA27F /* Supporting Files */,
			);
			path = ZKDropDown;
			sourceTree = "<group>";
		};
		3AC5274316FA82B0009AA27F /* Supporting Files */ = {
			isa = PBXGroup;
			children = (
				3AC5274416FA82B0009AA27F /* ZKDropDown-Info.plist */,
				3AC5274516FA82B0009AA27F /* InfoPlist.strings */,
				3AC5274816FA82B0009AA27F /* main.m */,
				3AC5274A16FA82B0009AA27F /* ZKDropDown-Prefix.pch */,
				3AC5274E16FA82B0009AA27F /* Default.png */,
				3AC5275016FA82B0009AA27F /* Default@2x.png */,
				3AC5275216FA82B0009AA27F /* Default-568h@2x.png */,
			);
			name = "Supporting Files";
			sourceTree = "<group>";
		};
		3AC5275916FA82C4009AA27F /* ZKClasses */ = {
			isa = PBXGroup;
			children = (
				3AC5276416FA8383009AA27F /* ZKDropdown.h */,
				3AC5276516FA8383009AA27F /* ZKDropdown.m */,
			);
			name = ZKClasses;
			sourceTree = "<group>";
		};
		3AC5275A16FA82CF009AA27F /* DemoController */ = {
			isa = PBXGroup;
			children = (
				3AC5275B16FA8316009AA27F /* DemoViewController.h */,
				3AC5275C16FA8316009AA27F /* DemoViewController.m */,
				3AC5275D16FA8316009AA27F /* DemoViewController.xib */,
			);
			name = DemoController;
			sourceTree = "<group>";
		};
/* End PBXGroup section */

/* Begin PBXNativeTarget section */
		3AC5273716FA82B0009AA27F /* ZKDropDown */ = {
			isa = PBXNativeTarget;
			buildConfigurationList = 3AC5275616FA82B0009AA27F /* Build configuration list for PBXNativeTarget "ZKDropDown" */;
			buildPhases = (
				3AC5273416FA82B0009AA27F /* Sources */,
				3AC5273516FA82B0009AA27F /* Frameworks */,
				3AC5273616FA82B0009AA27F /* Resources */,
			);
			buildRules = (
			);
			dependencies = (
			);
			name = ZKDropDown;
			productName = ZKDropDown;
			productReference = 3AC5273816FA82B0009AA27F /* ZKDropDown.app */;
			productType = "com.apple.product-type.application";
		};
/* End PBXNativeTarget section */

/* Begin PBXProject section */
		3AC5272F16FA82B0009AA27F /* Project object */ = {
			isa = PBXProject;
			attributes = {
				LastUpgradeCheck = 0450;
				ORGANIZATIONNAME = zack;
			};
			buildConfigurationList = 3AC5273216FA82B0009AA27F /* Build configuration list for PBXProject "ZKDropDown" */;
			compatibilityVersion = "Xcode 3.2";
			developmentRegion = English;
			hasScannedForEncodings = 0;
			knownRegions = (
				en,
			);
			mainGroup = 3AC5272D16FA82B0009AA27F;
			productRefGroup = 3AC5273916FA82B0009AA27F /* Products */;
			projectDirPath = "";
			projectRoot = "";
			targets = (
				3AC5273716FA82B0009AA27F /* ZKDropDown */,
			);
		};
/* End PBXProject section */

/* Begin PBXResourcesBuildPhase section */
		3AC5273616FA82B0009AA27F /* Resources */ = {
			isa = PBXResourcesBuildPhase;
			buildActionMask = 2147483647;
			files = (
				3AC5274716FA82B0009AA27F /* InfoPlist.strings in Resources */,
				3AC5274F16FA82B0009AA27F /* Default.png in Resources */,
				3AC5275116FA82B0009AA27F /* Default@2x.png in Resources */,
				3AC5275316FA82B0009AA27F /* Default-568h@2x.png in Resources */,
				3AC5275F16FA8316009AA27F /* DemoViewController.xib in Resources */,
			);
			runOnlyForDeploymentPostprocessing = 0;
		};
/* End PBXResourcesBuildPhase section */

/* Begin PBXSourcesBuildPhase section */
		3AC5273416FA82B0009AA27F /* Sources */ = {
			isa = PBXSourcesBuildPhase;
			buildActionMask = 2147483647;
			files = (
				3AC5274916FA82B0009AA27F /* main.m in Sources */,
				3AC5274D16FA82B0009AA27F /* AppDelegate.m in Sources */,
				3AC5275E16FA8316009AA27F /* DemoViewController.m in Sources */,
				3AC5276616FA8383009AA27F /* ZKDropdown.m in Sources */,
			);
			runOnlyForDeploymentPostprocessing = 0;
		};
/* End PBXSourcesBuildPhase section */

/* Begin PBXVariantGroup section */
		3AC5274516FA82B0009AA27F /* InfoPlist.strings */ = {
			isa = PBXVariantGroup;
			children = (
				3AC5274616FA82B0009AA27F /* en */,
			);
			name = InfoPlist.strings;
			sourceTree = "<group>";
		};
/* End PBXVariantGroup section */

/* Begin XCBuildConfiguration section */
		3AC5275416FA82B0009AA27F /* Debug */ = {
			isa = XCBuildConfiguration;
			buildSettings = {
				ALWAYS_SEARCH_USER_PATHS = NO;
				CLANG_CXX_LANGUAGE_STANDARD = "gnu++0x";
				CLANG_CXX_LIBRARY = "libc++";
				CLANG_ENABLE_OBJC_ARC = YES;
				CLANG_WARN_EMPTY_BODY = YES;
				CLANG_WARN__DUPLICATE_METHOD_MATCH = YES;
				"CODE_SIGN_IDENTITY[sdk=iphoneos*]" = "iPhone Developer";
				COPY_PHASE_STRIP = NO;
				GCC_C_LANGUAGE_STANDARD = gnu99;
				GCC_DYNAMIC_NO_PIC = NO;
				GCC_OPTIMIZATION_LEVEL = 0;
				GCC_PREPROCESSOR_DEFINITIONS = (
					"DEBUG=1",
					"$(inherited)",
				);
				GCC_SYMBOLS_PRIVATE_EXTERN = NO;
				GCC_WARN_ABOUT_RETURN_TYPE = YES;
				GCC_WARN_UNINITIALIZED_AUTOS = YES;
				GCC_WARN_UNUSED_VARIABLE = YES;
				IPHONEOS_DEPLOYMENT_TARGET = 6.0;
				ONLY_ACTIVE_ARCH = YES;
				SDKROOT = iphoneos;
			};
			name = Debug;
		};
		3AC5275516FA82B0009AA27F /* Release */ = {
			isa = XCBuildConfiguration;
			buildSettings = {
				ALWAYS_SEARCH_USER_PATHS = NO;
				CLANG_CXX_LANGUAGE_STANDARD = "gnu++0x";
				CLANG_CXX_LIBRARY = "libc++";
				CLANG_ENABLE_OBJC_ARC = YES;
				CLANG_WARN_EMPTY_BODY = YES;
				CLANG_WARN__DUPLICATE_METHOD_MATCH = YES;
				"CODE_SIGN_IDENTITY[sdk=iphoneos*]" = "iPhone Developer";
				COPY_PHASE_STRIP = YES;
				GCC_C_LANGUAGE_STANDARD = gnu99;
				GCC_WARN_ABOUT_RETURN_TYPE = YES;
				GCC_WARN_UNINITIALIZED_AUTOS = YES;
				GCC_WARN_UNUSED_VARIABLE = YES;
				IPHONEOS_DEPLOYMENT_TARGET = 6.0;
				OTHER_CFLAGS = "-DNS_BLOCK_ASSERTIONS=1";
				SDKROOT = iphoneos;
				VALIDATE_PRODUCT = YES;
			};
			name = Release;
		};
		3AC5275716FA82B0009AA27F /* Debug */ = {
			isa = XCBuildConfiguration;
			buildSettings = {
				GCC_PRECOMPILE_PREFIX_HEADER = YES;
				GCC_PREFIX_HEADER = "ZKDropDown/ZKDropDown-Prefix.pch";
				INFOPLIST_FILE = "ZKDropDown/ZKDropDown-Info.plist";
				PRODUCT_NAME = "$(TARGET_NAME)";
				WRAPPER_EXTENSION = app;
			};
			name = Debug;
		};
		3AC5275816FA82B0009AA27F /* Release */ = {
			isa = XCBuildConfiguration;
			buildSettings = {
				GCC_PRECOMPILE_PREFIX_HEADER = YES;
				GCC_PREFIX_HEADER = "ZKDropDown/ZKDropDown-Prefix.pch";
				INFOPLIST_FILE = "ZKDropDown/ZKDropDown-Info.plist";
				PRODUCT_NAME = "$(TARGET_NAME)";
				WRAPPER_EXTENSION = app;
			};
			name = Release;
		};
/* End XCBuildConfiguration section */

/* Begin XCConfigurationList section */
		3AC5273216FA82B0009AA27F /* Build configuration list for PBXProject "ZKDropDown" */ = {
			isa = XCConfigurationList;
			buildConfigurations = (
				3AC5275416FA82B0009AA27F /* Debug */,
				3AC5275516FA82B0009AA27F /* Release */,
			);
			defaultConfigurationIsVisible = 0;
			defaultConfigurationName = Release;
		};
		3AC5275616FA82B0009AA27F /* Build configuration list for PBXNativeTarget "ZKDropDown" */ = {
			isa = XCConfigurationList;
			buildConfigurations = (
				3AC5275716FA82B0009AA27F /* Debug */,
				3AC5275816FA82B0009AA27F /* Release */,
			);
			defaultConfigurationIsVisible = 0;
			defaultConfigurationName = Release;
		};
/* End XCConfigurationList section */
	};
	rootObject = 3AC5272F16FA82B0009AA27F /* Project object */;
}
